
Microsoft Visual Studio Solution File, Format Version 12.00
# Visual Studio Version 16
VisualStudioVersion = 16.0.30011.22
MinimumVisualStudioVersion = 10.0.40219.1
Project("{9A19103F-16F7-4668-BE54-9A1E7A4F7556}") = "BitSerialization.Reflection", "BitSerialization.Reflection\BitSerialization.Reflection.csproj", "{21F7C2EF-6944-4F67-8A4A-D336EC23081A}"
EndProject
Project("{9A19103F-16F7-4668-BE54-9A1E7A4F7556}") = "BitSerialization.Tests", "BitSerialization.Tests\BitSerialization.Tests.csproj", "{B8FDD91C-9FBB-4962-81A5-1C77FE299263}"
	ProjectSection(ProjectDependencies) = postProject
		{CA537BE6-B5BF-49FD-81C8-E4A25035601A} = {CA537BE6-B5BF-49FD-81C8-E4A25035601A}
	EndProjectSection
EndProject
Project("{9A19103F-16F7-4668-BE54-9A1E7A4F7556}") = "BitSerialization.SourceGen", "BitSerialization.SourceGen\BitSerialization.SourceGen.csproj", "{CA537BE6-B5BF-49FD-81C8-E4A25035601A}"
EndProject
Project("{FAE04EC0-301F-11D3-BF4B-00C04F79EFBC}") = "BitSerialization.Common", "BitSerialization.Common\BitSerialization.Common.csproj", "{E85F71C7-70D0-4AA7-ABDA-E71BF62E8E59}"
EndProject
Global
	GlobalSection(SolutionConfigurationPlatforms) = preSolution
		Debug|Any CPU = Debug|Any CPU
		Release|Any CPU = Release|Any CPU
	EndGlobalSection
	GlobalSection(ProjectConfigurationPlatforms) = postSolution
		{21F7C2EF-6944-4F67-8A4A-D336EC23081A}.Debug|Any CPU.ActiveCfg = Debug|Any CPU
		{21F7C2EF-6944-4F67-8A4A-D336EC23081A}.Debug|Any CPU.Build.0 = Debug|Any CPU
		{21F7C2EF-6944-4F67-8A4A-D336EC23081A}.Release|Any CPU.ActiveCfg = Release|Any CPU
		{21F7C2EF-6944-4F67-8A4A-D336EC23081A}.Release|Any CPU.Build.0 = Release|Any CPU
		{B8FDD91C-9FBB-4962-81A5-1C77FE299263}.Debug|Any CPU.ActiveCfg = Debug|Any CPU
		{B8FDD91C-9FBB-4962-81A5-1C77FE299263}.Debug|Any CPU.Build.0 = Debug|Any CPU
		{B8FDD91C-9FBB-4962-81A5-1C77FE299263}.Release|Any CPU.ActiveCfg = Release|Any CPU
		{B8FDD91C-9FBB-4962-81A5-1C77FE299263}.Release|Any CPU.Build.0 = Release|Any CPU
		{CA537BE6-B5BF-49FD-81C8-E4A25035601A}.Debug|Any CPU.ActiveCfg = Debug|Any CPU
		{CA537BE6-B5BF-49FD-81C8-E4A25035601A}.Debug|Any CPU.Build.0 = Debug|Any CPU
		{CA537BE6-B5BF-49FD-81C8-E4A25035601A}.Release|Any CPU.ActiveCfg = Release|Any CPU
		{CA537BE6-B5BF-49FD-81C8-E4A25035601A}.Release|Any CPU.Build.0 = Release|Any CPU
		{E85F71C7-70D0-4AA7-ABDA-E71BF62E8E59}.Debug|Any CPU.ActiveCfg = Debug|Any CPU
		{E85F71C7-70D0-4AA7-ABDA-E71BF62E8E59}.Debug|Any CPU.Build.0 = Debug|Any CPU
		{E85F71C7-70D0-4AA7-ABDA-E71BF62E8E59}.Release|Any CPU.ActiveCfg = Release|Any CPU
		{E85F71C7-70D0-4AA7-ABDA-E71BF62E8E59}.Release|Any CPU.Build.0 = Release|Any CPU
	EndGlobalSection
	GlobalSection(SolutionProperties) = preSolution
		HideSolutionNode = FALSE
	EndGlobalSection
	GlobalSection(ExtensibilityGlobals) = postSolution
		SolutionGuid = {3A4C6845-BD71-492A-8808-0953572ABC1D}
	EndGlobalSection
EndGlobal
